
Microsoft Visual Studio Solution File, Format Version 12.00
# Visual Studio Version 17
VisualStudioVersion = 17.12.35527.113
MinimumVisualStudioVersion = 10.0.40219.1
Project("{FAE04EC0-301F-11D3-BF4B-00C04F79EFBC}") = "Ciacco85.IoTTester.ConsoleApp", "Ciacco85.IoTTester.ConsoleApp\Ciacco85.IoTTester.ConsoleApp.csproj", "{72DC7BA8-948E-4C29-BB2E-6C2606E20896}"
EndProject
Project("{FAE04EC0-301F-11D3-BF4B-00C04F79EFBC}") = "Ciacco85.IoTTester.Shared", "Ciacco85.IoTTester.Shared\Ciacco85.IoTTester.Shared.csproj", "{DC4ED9FE-140F-4D63-9426-33EB85ABB323}"
EndProject
Global
	GlobalSection(SolutionConfigurationPlatforms) = preSolution
		Debug|Any CPU = Debug|Any CPU
		Release|Any CPU = Release|Any CPU
	EndGlobalSection
	GlobalSection(ProjectConfigurationPlatforms) = postSolution
		{72DC7BA8-948E-4C29-BB2E-6C2606E20896}.Debug|Any CPU.ActiveCfg = Debug|Any CPU
		{72DC7BA8-948E-4C29-BB2E-6C2606E20896}.Debug|Any CPU.Build.0 = Debug|Any CPU
		{72DC7BA8-948E-4C29-BB2E-6C2606E20896}.Release|Any CPU.ActiveCfg = Release|Any CPU
		{72DC7BA8-948E-4C29-BB2E-6C2606E20896}.Release|Any CPU.Build.0 = Release|Any CPU
		{DC4ED9FE-140F-4D63-9426-33EB85ABB323}.Debug|Any CPU.ActiveCfg = Debug|Any CPU
		{DC4ED9FE-140F-4D63-9426-33EB85ABB323}.Debug|Any CPU.Build.0 = Debug|Any CPU
		{DC4ED9FE-140F-4D63-9426-33EB85ABB323}.Release|Any CPU.ActiveCfg = Release|Any CPU
		{DC4ED9FE-140F-4D63-9426-33EB85ABB323}.Release|Any CPU.Build.0 = Release|Any CPU
	EndGlobalSection
	GlobalSection(SolutionProperties) = preSolution
		HideSolutionNode = FALSE
	EndGlobalSection
EndGlobal
